
Microsoft Visual Studio Solution File, Format Version 12.00
# Visual Studio Version 17
VisualStudioVersion = 17.11.35327.3
MinimumVisualStudioVersion = 10.0.40219.1
Project("{FAE04EC0-301F-11D3-BF4B-00C04F79EFBC}") = "SmartOrganizer", "SmartOrganizer\SmartOrganizer.csproj", "{3DF51F6F-8138-4288-AE2D-41DEA36CA96A}"
EndProject
Global
	GlobalSection(SolutionConfigurationPlatforms) = preSolution
		Debug|Any CPU = Debug|Any CPU
		Release|Any CPU = Release|Any CPU
	EndGlobalSection
	GlobalSection(ProjectConfigurationPlatforms) = postSolution
		{3DF51F6F-8138-4288-AE2D-41DEA36CA96A}.Debug|Any CPU.ActiveCfg = Debug|Any CPU
		{3DF51F6F-8138-4288-AE2D-41DEA36CA96A}.Debug|Any CPU.Build.0 = Debug|Any CPU
		{3DF51F6F-8138-4288-AE2D-41DEA36CA96A}.Debug|Any CPU.Deploy.0 = Debug|Any CPU
		{3DF51F6F-8138-4288-AE2D-41DEA36CA96A}.Release|Any CPU.ActiveCfg = Release|Any CPU
		{3DF51F6F-8138-4288-AE2D-41DEA36CA96A}.Release|Any CPU.Build.0 = Release|Any CPU
		{3DF51F6F-8138-4288-AE2D-41DEA36CA96A}.Release|Any CPU.Deploy.0 = Release|Any CPU
	EndGlobalSection
	GlobalSection(SolutionProperties) = preSolution
		HideSolutionNode = FALSE
	EndGlobalSection
	GlobalSection(ExtensibilityGlobals) = postSolution
		SolutionGuid = {A66D5AAF-9165-44BC-87B9-65E9185A238C}
	EndGlobalSection
EndGlobal
