
Microsoft Visual Studio Solution File, Format Version 12.00
# Visual Studio Version 17
VisualStudioVersion = 17.11.35327.3
MinimumVisualStudioVersion = 10.0.40219.1
Project("{FAE04EC0-301F-11D3-BF4B-00C04F79EFBC}") = "Smart2.0", "Smart2.0\Smart2.0.csproj", "{C6CD3C7E-DD55-451A-A877-E8F73B8F72DD}"
EndProject
Global
	GlobalSection(SolutionConfigurationPlatforms) = preSolution
		Debug|Any CPU = Debug|Any CPU
		Release|Any CPU = Release|Any CPU
	EndGlobalSection
	GlobalSection(ProjectConfigurationPlatforms) = postSolution
		{C6CD3C7E-DD55-451A-A877-E8F73B8F72DD}.Debug|Any CPU.ActiveCfg = Debug|Any CPU
		{C6CD3C7E-DD55-451A-A877-E8F73B8F72DD}.Debug|Any CPU.Build.0 = Debug|Any CPU
		{C6CD3C7E-DD55-451A-A877-E8F73B8F72DD}.Debug|Any CPU.Deploy.0 = Debug|Any CPU
		{C6CD3C7E-DD55-451A-A877-E8F73B8F72DD}.Release|Any CPU.ActiveCfg = Release|Any CPU
		{C6CD3C7E-DD55-451A-A877-E8F73B8F72DD}.Release|Any CPU.Build.0 = Release|Any CPU
		{C6CD3C7E-DD55-451A-A877-E8F73B8F72DD}.Release|Any CPU.Deploy.0 = Release|Any CPU
	EndGlobalSection
	GlobalSection(SolutionProperties) = preSolution
		HideSolutionNode = FALSE
	EndGlobalSection
	GlobalSection(ExtensibilityGlobals) = postSolution
		SolutionGuid = {7370B961-8C8A-44F7-A3CA-FA92FA68B1DE}
	EndGlobalSection
EndGlobal
